
Microsoft Visual Studio Solution File, Format Version 12.00
# Visual Studio 15
VisualStudioVersion = 15.0.28307.572
MinimumVisualStudioVersion = 10.0.40219.1
Project("{FAE04EC0-301F-11D3-BF4B-00C04F79EFBC}") = "Exemplo01", "Exemplo01\Exemplo01.csproj", "{878257CE-D1DC-4952-B429-4D0A62218713}"
EndProject
Global
	GlobalSection(SolutionConfigurationPlatforms) = preSolution
		Debug|Any CPU = Debug|Any CPU
		Release|Any CPU = Release|Any CPU
	EndGlobalSection
	GlobalSection(ProjectConfigurationPlatforms) = postSolution
		{878257CE-D1DC-4952-B429-4D0A62218713}.Debug|Any CPU.ActiveCfg = Debug|Any CPU
		{878257CE-D1DC-4952-B429-4D0A62218713}.Debug|Any CPU.Build.0 = Debug|Any CPU
		{878257CE-D1DC-4952-B429-4D0A62218713}.Release|Any CPU.ActiveCfg = Release|Any CPU
		{878257CE-D1DC-4952-B429-4D0A62218713}.Release|Any CPU.Build.0 = Release|Any CPU
	EndGlobalSection
	GlobalSection(SolutionProperties) = preSolution
		HideSolutionNode = FALSE
	EndGlobalSection
	GlobalSection(ExtensibilityGlobals) = postSolution
		SolutionGuid = {BDF11968-CA2E-4350-B0F6-0FAE4D461134}
	EndGlobalSection
EndGlobal
